
Microsoft Visual Studio Solution File, Format Version 12.00
# Visual Studio Version 18
VisualStudioVersion = 18.6.11822.322
MinimumVisualStudioVersion = 10.0.40219.1
Project("{2150E333-8FDC-42A3-9474-1A3956D46DE8}") = "Solution Items", "Solution Items", "{8EC462FD-D22E-90A8-E5CE-7E832BA40C5D}"
	ProjectSection(SolutionItems) = preProject
		.gitignore = .gitignore
	EndProjectSection
EndProject
Project("{2150E333-8FDC-42A3-9474-1A3956D46DE8}") = "services", "services", "{5854FF58-B8C5-05C6-5BF2-ACE42193F22B}"
EndProject
Project("{2150E333-8FDC-42A3-9474-1A3956D46DE8}") = "CustomerService", "CustomerService", "{4840C7DC-1354-9086-81F8-8600587D832E}"
EndProject
Project("{FAE04EC0-301F-11D3-BF4B-00C04F79EFBC}") = "CustomerService.Domain", "Service\CustomerService\CustomerService.Domain\CustomerService.Domain.csproj", "{B7D1BA20-96D4-4912-B935-6D06297C15DF}"
EndProject
Project("{FAE04EC0-301F-11D3-BF4B-00C04F79EFBC}") = "CustomerService.Application", "Service\CustomerService\CustomerService.Application\CustomerService.Application.csproj", "{0C44C818-1DF5-43E9-A893-CEDD166DA558}"
EndProject
Project("{FAE04EC0-301F-11D3-BF4B-00C04F79EFBC}") = "CustomerService.Infrastructure", "Service\CustomerService\CustomerService.Infrastructure\CustomerService.Infrastructure.csproj", "{63EB2DC1-2B54-4FB2-9A3F-8B04962D87A7}"
EndProject
Project("{FAE04EC0-301F-11D3-BF4B-00C04F79EFBC}") = "CustomerService.WebAPI", "Service\CustomerService\CustomerService.WebAPI\CustomerService.WebAPI.csproj", "{529E3679-2878-498C-83BC-57235FE73ED2}"
EndProject
Project("{2150E333-8FDC-42A3-9474-1A3956D46DE8}") = "Shared_Libraries", "Shared_Libraries", "{2E9D5637-D20F-AE29-AB71-F2FED977D48C}"
EndProject
Project("{FAE04EC0-301F-11D3-BF4B-00C04F79EFBC}") = "HuongVanTra.Shared", "Shared_Libraries\HuongVanTra.Shared\HuongVanTra.Shared.csproj", "{EFB5C9FF-F9AF-40D6-9F85-C9BE47E8538C}"
EndProject
Project("{2150E333-8FDC-42A3-9474-1A3956D46DE8}") = "API_Gateway", "API_Gateway", "{41C1AA58-E4C2-F270-94D2-CA8B7E7A8E65}"
EndProject
Project("{FAE04EC0-301F-11D3-BF4B-00C04F79EFBC}") = "HuongVanTra.Gateway", "API_Gateway\HuongVanTra.Gateway\HuongVanTra.Gateway.csproj", "{94C80538-7A67-4B30-9E25-9A29C5489044}"
EndProject
Project("{2150E333-8FDC-42A3-9474-1A3956D46DE8}") = "UserService", "UserService", "{BB9B0570-D764-F740-A1C1-3444BA1D5022}"
EndProject
Project("{FAE04EC0-301F-11D3-BF4B-00C04F79EFBC}") = "UserService.Domain", "Service\UserService\UserService.Domain\UserService.Domain.csproj", "{C79001BD-7A52-4496-8BC7-21E7624D4640}"
EndProject
Project("{FAE04EC0-301F-11D3-BF4B-00C04F79EFBC}") = "UserService.Application", "Service\UserService\UserService.Application\UserService.Application.csproj", "{1CAA04EB-5882-4ED8-AE8C-D18B542E3FD3}"
EndProject
Project("{FAE04EC0-301F-11D3-BF4B-00C04F79EFBC}") = "UserService.Infrastructure", "Service\UserService\UserService.Infrastructure\UserService.Infrastructure.csproj", "{AFD3BD81-220D-4D00-A8DA-67BE6713EEAD}"
EndProject
Project("{FAE04EC0-301F-11D3-BF4B-00C04F79EFBC}") = "UserService.WebAPI", "Service\UserService\UserService.WebAPI\UserService.WebAPI.csproj", "{2998C254-EE9C-4326-90FE-D2ACD6B1D130}"
EndProject
Project("{2150E333-8FDC-42A3-9474-1A3956D46DE8}") = "OrderService", "OrderService", "{A1B2C3D4-E5F6-7890-ABCD-EF1234567890}"
EndProject
Project("{FAE04EC0-301F-11D3-BF4B-00C04F79EFBC}") = "OrderService.Domain", "Service\OrderService\OrderService.Domain\OrderService.Domain.csproj", "{B1C2D3E4-F5A6-7890-BCDE-F12345678901}"
EndProject
Project("{FAE04EC0-301F-11D3-BF4B-00C04F79EFBC}") = "OrderService.Application", "Service\OrderService\OrderService.Application\OrderService.Application.csproj", "{C1D2E3F4-A5B6-7890-CDEF-012345678902}"
EndProject
Project("{FAE04EC0-301F-11D3-BF4B-00C04F79EFBC}") = "OrderService.Infrastructure", "Service\OrderService\OrderService.Infrastructure\OrderService.Infrastructure.csproj", "{D1E2F3A4-B5C6-7890-DEF0-123456789003}"
EndProject
Project("{FAE04EC0-301F-11D3-BF4B-00C04F79EFBC}") = "OrderService.WebAPI", "Service\OrderService\OrderService.WebAPI\OrderService.WebAPI.csproj", "{E1F2A3B4-C5D6-7890-EF01-234567890004}"
EndProject
Project("{2150E333-8FDC-42A3-9474-1A3956D46DE8}") = "Service", "Service", "{226567F5-DD15-7888-5BF1-C4407778305A}"
EndProject
Project("{2150E333-8FDC-42A3-9474-1A3956D46DE8}") = "InventoryService", "InventoryService", "{36CCF94E-5FB9-0A38-E051-AB63235A6982}"
EndProject
Project("{FAE04EC0-301F-11D3-BF4B-00C04F79EFBC}") = "InventoryService.Domain", "Service\InventoryService\InventoryService.Domain\InventoryService.Domain.csproj", "{FBF15A8B-976D-450A-8BFD-8FA4B1442927}"
EndProject
Project("{FAE04EC0-301F-11D3-BF4B-00C04F79EFBC}") = "InventoryService.Application", "Service\InventoryService\InventoryService.Application\InventoryService.Application.csproj", "{682D212C-8155-4D31-83AB-6A9C1A6E70FF}"
EndProject
Project("{FAE04EC0-301F-11D3-BF4B-00C04F79EFBC}") = "InventoryService.Infrastructure", "Service\InventoryService\InventoryService.Infrastructure\InventoryService.Infrastructure.csproj", "{1D4863D0-E1F8-4A36-915C-6E12DF63ACE6}"
EndProject
Project("{FAE04EC0-301F-11D3-BF4B-00C04F79EFBC}") = "InventoryService.WebAPI", "Service\InventoryService\InventoryService.WebAPI\InventoryService.WebAPI.csproj", "{8B7655B0-D047-4E76-B51B-B76CB1A9E40D}"
EndProject
Global
	GlobalSection(SolutionConfigurationPlatforms) = preSolution
		Debug|Any CPU = Debug|Any CPU
		Debug|x64 = Debug|x64
		Debug|x86 = Debug|x86
		Release|Any CPU = Release|Any CPU
		Release|x64 = Release|x64
		Release|x86 = Release|x86
	EndGlobalSection
	GlobalSection(ProjectConfigurationPlatforms) = postSolution
		{B7D1BA20-96D4-4912-B935-6D06297C15DF}.Debug|Any CPU.ActiveCfg = Debug|Any CPU
		{B7D1BA20-96D4-4912-B935-6D06297C15DF}.Debug|Any CPU.Build.0 = Debug|Any CPU
		{B7D1BA20-96D4-4912-B935-6D06297C15DF}.Debug|x64.ActiveCfg = Debug|Any CPU
		{B7D1BA20-96D4-4912-B935-6D06297C15DF}.Debug|x64.Build.0 = Debug|Any CPU
		{B7D1BA20-96D4-4912-B935-6D06297C15DF}.Debug|x86.ActiveCfg = Debug|Any CPU
		{B7D1BA20-96D4-4912-B935-6D06297C15DF}.Debug|x86.Build.0 = Debug|Any CPU
		{B7D1BA20-96D4-4912-B935-6D06297C15DF}.Release|Any CPU.ActiveCfg = Release|Any CPU
		{B7D1BA20-96D4-4912-B935-6D06297C15DF}.Release|Any CPU.Build.0 = Release|Any CPU
		{B7D1BA20-96D4-4912-B935-6D06297C15DF}.Release|x64.ActiveCfg = Release|Any CPU
		{B7D1BA20-96D4-4912-B935-6D06297C15DF}.Release|x64.Build.0 = Release|Any CPU
		{B7D1BA20-96D4-4912-B935-6D06297C15DF}.Release|x86.ActiveCfg = Release|Any CPU
		{B7D1BA20-96D4-4912-B935-6D06297C15DF}.Release|x86.Build.0 = Release|Any CPU
		{0C44C818-1DF5-43E9-A893-CEDD166DA558}.Debug|Any CPU.ActiveCfg = Debug|Any CPU
		{0C44C818-1DF5-43E9-A893-CEDD166DA558}.Debug|Any CPU.Build.0 = Debug|Any CPU
		{0C44C818-1DF5-43E9-A893-CEDD166DA558}.Debug|x64.ActiveCfg = Debug|Any CPU
		{0C44C818-1DF5-43E9-A893-CEDD166DA558}.Debug|x64.Build.0 = Debug|Any CPU
		{0C44C818-1DF5-43E9-A893-CEDD166DA558}.Debug|x86.ActiveCfg = Debug|Any CPU
		{0C44C818-1DF5-43E9-A893-CEDD166DA558}.Debug|x86.Build.0 = Debug|Any CPU
		{0C44C818-1DF5-43E9-A893-CEDD166DA558}.Release|Any CPU.ActiveCfg = Release|Any CPU
		{0C44C818-1DF5-43E9-A893-CEDD166DA558}.Release|Any CPU.Build.0 = Release|Any CPU
		{0C44C818-1DF5-43E9-A893-CEDD166DA558}.Release|x64.ActiveCfg = Release|Any CPU
		{0C44C818-1DF5-43E9-A893-CEDD166DA558}.Release|x64.Build.0 = Release|Any CPU
		{0C44C818-1DF5-43E9-A893-CEDD166DA558}.Release|x86.ActiveCfg = Release|Any CPU
		{0C44C818-1DF5-43E9-A893-CEDD166DA558}.Release|x86.Build.0 = Release|Any CPU
		{63EB2DC1-2B54-4FB2-9A3F-8B04962D87A7}.Debug|Any CPU.ActiveCfg = Debug|Any CPU
		{63EB2DC1-2B54-4FB2-9A3F-8B04962D87A7}.Debug|Any CPU.Build.0 = Debug|Any CPU
		{63EB2DC1-2B54-4FB2-9A3F-8B04962D87A7}.Debug|x64.ActiveCfg = Debug|Any CPU
		{63EB2DC1-2B54-4FB2-9A3F-8B04962D87A7}.Debug|x64.Build.0 = Debug|Any CPU
		{63EB2DC1-2B54-4FB2-9A3F-8B04962D87A7}.Debug|x86.ActiveCfg = Debug|Any CPU
		{63EB2DC1-2B54-4FB2-9A3F-8B04962D87A7}.Debug|x86.Build.0 = Debug|Any CPU
		{63EB2DC1-2B54-4FB2-9A3F-8B04962D87A7}.Release|Any CPU.ActiveCfg = Release|Any CPU
		{63EB2DC1-2B54-4FB2-9A3F-8B04962D87A7}.Release|Any CPU.Build.0 = Release|Any CPU
		{63EB2DC1-2B54-4FB2-9A3F-8B04962D87A7}.Release|x64.ActiveCfg = Release|Any CPU
		{63EB2DC1-2B54-4FB2-9A3F-8B04962D87A7}.Release|x64.Build.0 = Release|Any CPU
		{63EB2DC1-2B54-4FB2-9A3F-8B04962D87A7}.Release|x86.ActiveCfg = Release|Any CPU
		{63EB2DC1-2B54-4FB2-9A3F-8B04962D87A7}.Release|x86.Build.0 = Release|Any CPU
		{529E3679-2878-498C-83BC-57235FE73ED2}.Debug|Any CPU.ActiveCfg = Debug|Any CPU
		{529E3679-2878-498C-83BC-57235FE73ED2}.Debug|Any CPU.Build.0 = Debug|Any CPU
		{529E3679-2878-498C-83BC-57235FE73ED2}.Debug|x64.ActiveCfg = Debug|Any CPU
		{529E3679-2878-498C-83BC-57235FE73ED2}.Debug|x64.Build.0 = Debug|Any CPU
		{529E3679-2878-498C-83BC-57235FE73ED2}.Debug|x86.ActiveCfg = Debug|Any CPU
		{529E3679-2878-498C-83BC-57235FE73ED2}.Debug|x86.Build.0 = Debug|Any CPU
		{529E3679-2878-498C-83BC-57235FE73ED2}.Release|Any CPU.ActiveCfg = Release|Any CPU
		{529E3679-2878-498C-83BC-57235FE73ED2}.Release|Any CPU.Build.0 = Release|Any CPU
		{529E3679-2878-498C-83BC-57235FE73ED2}.Release|x64.ActiveCfg = Release|Any CPU
		{529E3679-2878-498C-83BC-57235FE73ED2}.Release|x64.Build.0 = Release|Any CPU
		{529E3679-2878-498C-83BC-57235FE73ED2}.Release|x86.ActiveCfg = Release|Any CPU
		{529E3679-2878-498C-83BC-57235FE73ED2}.Release|x86.Build.0 = Release|Any CPU
		{EFB5C9FF-F9AF-40D6-9F85-C9BE47E8538C}.Debug|Any CPU.ActiveCfg = Debug|Any CPU
		{EFB5C9FF-F9AF-40D6-9F85-C9BE47E8538C}.Debug|Any CPU.Build.0 = Debug|Any CPU
		{EFB5C9FF-F9AF-40D6-9F85-C9BE47E8538C}.Debug|x64.ActiveCfg = Debug|Any CPU
		{EFB5C9FF-F9AF-40D6-9F85-C9BE47E8538C}.Debug|x64.Build.0 = Debug|Any CPU
		{EFB5C9FF-F9AF-40D6-9F85-C9BE47E8538C}.Debug|x86.ActiveCfg = Debug|Any CPU
		{EFB5C9FF-F9AF-40D6-9F85-C9BE47E8538C}.Debug|x86.Build.0 = Debug|Any CPU
		{EFB5C9FF-F9AF-40D6-9F85-C9BE47E8538C}.Release|Any CPU.ActiveCfg = Release|Any CPU
		{EFB5C9FF-F9AF-40D6-9F85-C9BE47E8538C}.Release|Any CPU.Build.0 = Release|Any CPU
		{EFB5C9FF-F9AF-40D6-9F85-C9BE47E8538C}.Release|x64.ActiveCfg = Release|Any CPU
		{EFB5C9FF-F9AF-40D6-9F85-C9BE47E8538C}.Release|x64.Build.0 = Release|Any CPU
		{EFB5C9FF-F9AF-40D6-9F85-C9BE47E8538C}.Release|x86.ActiveCfg = Release|Any CPU
		{EFB5C9FF-F9AF-40D6-9F85-C9BE47E8538C}.Release|x86.Build.0 = Release|Any CPU
		{94C80538-7A67-4B30-9E25-9A29C5489044}.Debug|Any CPU.ActiveCfg = Debug|Any CPU
		{94C80538-7A67-4B30-9E25-9A29C5489044}.Debug|Any CPU.Build.0 = Debug|Any CPU
		{94C80538-7A67-4B30-9E25-9A29C5489044}.Debug|x64.ActiveCfg = Debug|Any CPU
		{94C80538-7A67-4B30-9E25-9A29C5489044}.Debug|x64.Build.0 = Debug|Any CPU
		{94C80538-7A67-4B30-9E25-9A29C5489044}.Debug|x86.ActiveCfg = Debug|Any CPU
		{94C80538-7A67-4B30-9E25-9A29C5489044}.Debug|x86.Build.0 = Debug|Any CPU
		{94C80538-7A67-4B30-9E25-9A29C5489044}.Release|Any CPU.ActiveCfg = Release|Any CPU
		{94C80538-7A67-4B30-9E25-9A29C5489044}.Release|Any CPU.Build.0 = Release|Any CPU
		{94C80538-7A67-4B30-9E25-9A29C5489044}.Release|x64.ActiveCfg = Release|Any CPU
		{94C80538-7A67-4B30-9E25-9A29C5489044}.Release|x64.Build.0 = Release|Any CPU
		{94C80538-7A67-4B30-9E25-9A29C5489044}.Release|x86.ActiveCfg = Release|Any CPU
		{94C80538-7A67-4B30-9E25-9A29C5489044}.Release|x86.Build.0 = Release|Any CPU
		{C79001BD-7A52-4496-8BC7-21E7624D4640}.Debug|Any CPU.ActiveCfg = Debug|Any CPU
		{C79001BD-7A52-4496-8BC7-21E7624D4640}.Debug|Any CPU.Build.0 = Debug|Any CPU
		{C79001BD-7A52-4496-8BC7-21E7624D4640}.Debug|x64.ActiveCfg = Debug|Any CPU
		{C79001BD-7A52-4496-8BC7-21E7624D4640}.Debug|x64.Build.0 = Debug|Any CPU
		{C79001BD-7A52-4496-8BC7-21E7624D4640}.Debug|x86.ActiveCfg = Debug|Any CPU
		{C79001BD-7A52-4496-8BC7-21E7624D4640}.Debug|x86.Build.0 = Debug|Any CPU
		{C79001BD-7A52-4496-8BC7-21E7624D4640}.Release|Any CPU.ActiveCfg = Release|Any CPU
		{C79001BD-7A52-4496-8BC7-21E7624D4640}.Release|Any CPU.Build.0 = Release|Any CPU
		{C79001BD-7A52-4496-8BC7-21E7624D4640}.Release|x64.ActiveCfg = Release|Any CPU
		{C79001BD-7A52-4496-8BC7-21E7624D4640}.Release|x64.Build.0 = Release|Any CPU
		{C79001BD-7A52-4496-8BC7-21E7624D4640}.Release|x86.ActiveCfg = Release|Any CPU
		{C79001BD-7A52-4496-8BC7-21E7624D4640}.Release|x86.Build.0 = Release|Any CPU
		{1CAA04EB-5882-4ED8-AE8C-D18B542E3FD3}.Debug|Any CPU.ActiveCfg = Debug|Any CPU
		{1CAA04EB-5882-4ED8-AE8C-D18B542E3FD3}.Debug|Any CPU.Build.0 = Debug|Any CPU
		{1CAA04EB-5882-4ED8-AE8C-D18B542E3FD3}.Debug|x64.ActiveCfg = Debug|Any CPU
		{1CAA04EB-5882-4ED8-AE8C-D18B542E3FD3}.Debug|x64.Build.0 = Debug|Any CPU
		{1CAA04EB-5882-4ED8-AE8C-D18B542E3FD3}.Debug|x86.ActiveCfg = Debug|Any CPU
		{1CAA04EB-5882-4ED8-AE8C-D18B542E3FD3}.Debug|x86.Build.0 = Debug|Any CPU
		{1CAA04EB-5882-4ED8-AE8C-D18B542E3FD3}.Release|Any CPU.ActiveCfg = Release|Any CPU
		{1CAA04EB-5882-4ED8-AE8C-D18B542E3FD3}.Release|Any CPU.Build.0 = Release|Any CPU
		{1CAA04EB-5882-4ED8-AE8C-D18B542E3FD3}.Release|x64.ActiveCfg = Release|Any CPU
		{1CAA04EB-5882-4ED8-AE8C-D18B542E3FD3}.Release|x64.Build.0 = Release|Any CPU
		{1CAA04EB-5882-4ED8-AE8C-D18B542E3FD3}.Release|x86.ActiveCfg = Release|Any CPU
		{1CAA04EB-5882-4ED8-AE8C-D18B542E3FD3}.Release|x86.Build.0 = Release|Any CPU
		{AFD3BD81-220D-4D00-A8DA-67BE6713EEAD}.Debug|Any CPU.ActiveCfg = Debug|Any CPU
		{AFD3BD81-220D-4D00-A8DA-67BE6713EEAD}.Debug|Any CPU.Build.0 = Debug|Any CPU
		{AFD3BD81-220D-4D00-A8DA-67BE6713EEAD}.Debug|x64.ActiveCfg = Debug|Any CPU
		{AFD3BD81-220D-4D00-A8DA-67BE6713EEAD}.Debug|x64.Build.0 = Debug|Any CPU
		{AFD3BD81-220D-4D00-A8DA-67BE6713EEAD}.Debug|x86.ActiveCfg = Debug|Any CPU
		{AFD3BD81-220D-4D00-A8DA-67BE6713EEAD}.Debug|x86.Build.0 = Debug|Any CPU
		{AFD3BD81-220D-4D00-A8DA-67BE6713EEAD}.Release|Any CPU.ActiveCfg = Release|Any CPU
		{AFD3BD81-220D-4D00-A8DA-67BE6713EEAD}.Release|Any CPU.Build.0 = Release|Any CPU
		{AFD3BD81-220D-4D00-A8DA-67BE6713EEAD}.Release|x64.ActiveCfg = Release|Any CPU
		{AFD3BD81-220D-4D00-A8DA-67BE6713EEAD}.Release|x64.Build.0 = Release|Any CPU
		{AFD3BD81-220D-4D00-A8DA-67BE6713EEAD}.Release|x86.ActiveCfg = Release|Any CPU
		{AFD3BD81-220D-4D00-A8DA-67BE6713EEAD}.Release|x86.Build.0 = Release|Any CPU
		{2998C254-EE9C-4326-90FE-D2ACD6B1D130}.Debug|Any CPU.ActiveCfg = Debug|Any CPU
		{2998C254-EE9C-4326-90FE-D2ACD6B1D130}.Debug|Any CPU.Build.0 = Debug|Any CPU
		{2998C254-EE9C-4326-90FE-D2ACD6B1D130}.Debug|x64.ActiveCfg = Debug|Any CPU
		{2998C254-EE9C-4326-90FE-D2ACD6B1D130}.Debug|x64.Build.0 = Debug|Any CPU
		{2998C254-EE9C-4326-90FE-D2ACD6B1D130}.Debug|x86.ActiveCfg = Debug|Any CPU
		{2998C254-EE9C-4326-90FE-D2ACD6B1D130}.Debug|x86.Build.0 = Debug|Any CPU
		{2998C254-EE9C-4326-90FE-D2ACD6B1D130}.Release|Any CPU.ActiveCfg = Release|Any CPU
		{2998C254-EE9C-4326-90FE-D2ACD6B1D130}.Release|Any CPU.Build.0 = Release|Any CPU
		{2998C254-EE9C-4326-90FE-D2ACD6B1D130}.Release|x64.ActiveCfg = Release|Any CPU
		{2998C254-EE9C-4326-90FE-D2ACD6B1D130}.Release|x64.Build.0 = Release|Any CPU
		{2998C254-EE9C-4326-90FE-D2ACD6B1D130}.Release|x86.ActiveCfg = Release|Any CPU
		{2998C254-EE9C-4326-90FE-D2ACD6B1D130}.Release|x86.Build.0 = Release|Any CPU
		{B1C2D3E4-F5A6-7890-BCDE-F12345678901}.Debug|Any CPU.ActiveCfg = Debug|Any CPU
		{B1C2D3E4-F5A6-7890-BCDE-F12345678901}.Debug|Any CPU.Build.0 = Debug|Any CPU
		{B1C2D3E4-F5A6-7890-BCDE-F12345678901}.Debug|x64.ActiveCfg = Debug|Any CPU
		{B1C2D3E4-F5A6-7890-BCDE-F12345678901}.Debug|x64.Build.0 = Debug|Any CPU
		{B1C2D3E4-F5A6-7890-BCDE-F12345678901}.Debug|x86.ActiveCfg = Debug|Any CPU
		{B1C2D3E4-F5A6-7890-BCDE-F12345678901}.Debug|x86.Build.0 = Debug|Any CPU
		{B1C2D3E4-F5A6-7890-BCDE-F12345678901}.Release|Any CPU.ActiveCfg = Release|Any CPU
		{B1C2D3E4-F5A6-7890-BCDE-F12345678901}.Release|Any CPU.Build.0 = Release|Any CPU
		{B1C2D3E4-F5A6-7890-BCDE-F12345678901}.Release|x64.ActiveCfg = Release|Any CPU
		{B1C2D3E4-F5A6-7890-BCDE-F12345678901}.Release|x64.Build.0 = Release|Any CPU
		{B1C2D3E4-F5A6-7890-BCDE-F12345678901}.Release|x86.ActiveCfg = Release|Any CPU
		{B1C2D3E4-F5A6-7890-BCDE-F12345678901}.Release|x86.Build.0 = Release|Any CPU
		{C1D2E3F4-A5B6-7890-CDEF-012345678902}.Debug|Any CPU.ActiveCfg = Debug|Any CPU
		{C1D2E3F4-A5B6-7890-CDEF-012345678902}.Debug|Any CPU.Build.0 = Debug|Any CPU
		{C1D2E3F4-A5B6-7890-CDEF-012345678902}.Debug|x64.ActiveCfg = Debug|Any CPU
		{C1D2E3F4-A5B6-7890-CDEF-012345678902}.Debug|x64.Build.0 = Debug|Any CPU
		{C1D2E3F4-A5B6-7890-CDEF-012345678902}.Debug|x86.ActiveCfg = Debug|Any CPU
		{C1D2E3F4-A5B6-7890-CDEF-012345678902}.Debug|x86.Build.0 = Debug|Any CPU
		{C1D2E3F4-A5B6-7890-CDEF-012345678902}.Release|Any CPU.ActiveCfg = Release|Any CPU
		{C1D2E3F4-A5B6-7890-CDEF-012345678902}.Release|Any CPU.Build.0 = Release|Any CPU
		{C1D2E3F4-A5B6-7890-CDEF-012345678902}.Release|x64.ActiveCfg = Release|Any CPU
		{C1D2E3F4-A5B6-7890-CDEF-012345678902}.Release|x64.Build.0 = Release|Any CPU
		{C1D2E3F4-A5B6-7890-CDEF-012345678902}.Release|x86.ActiveCfg = Release|Any CPU
		{C1D2E3F4-A5B6-7890-CDEF-012345678902}.Release|x86.Build.0 = Release|Any CPU
		{D1E2F3A4-B5C6-7890-DEF0-123456789003}.Debug|Any CPU.ActiveCfg = Debug|Any CPU
		{D1E2F3A4-B5C6-7890-DEF0-123456789003}.Debug|Any CPU.Build.0 = Debug|Any CPU
		{D1E2F3A4-B5C6-7890-DEF0-123456789003}.Debug|x64.ActiveCfg = Debug|Any CPU
		{D1E2F3A4-B5C6-7890-DEF0-123456789003}.Debug|x64.Build.0 = Debug|Any CPU
		{D1E2F3A4-B5C6-7890-DEF0-123456789003}.Debug|x86.ActiveCfg = Debug|Any CPU
		{D1E2F3A4-B5C6-7890-DEF0-123456789003}.Debug|x86.Build.0 = Debug|Any CPU
		{D1E2F3A4-B5C6-7890-DEF0-123456789003}.Release|Any CPU.ActiveCfg = Release|Any CPU
		{D1E2F3A4-B5C6-7890-DEF0-123456789003}.Release|Any CPU.Build.0 = Release|Any CPU
		{D1E2F3A4-B5C6-7890-DEF0-123456789003}.Release|x64.ActiveCfg = Release|Any CPU
		{D1E2F3A4-B5C6-7890-DEF0-123456789003}.Release|x64.Build.0 = Release|Any CPU
		{D1E2F3A4-B5C6-7890-DEF0-123456789003}.Release|x86.ActiveCfg = Release|Any CPU
		{D1E2F3A4-B5C6-7890-DEF0-123456789003}.Release|x86.Build.0 = Release|Any CPU
		{E1F2A3B4-C5D6-7890-EF01-234567890004}.Debug|Any CPU.ActiveCfg = Debug|Any CPU
		{E1F2A3B4-C5D6-7890-EF01-234567890004}.Debug|Any CPU.Build.0 = Debug|Any CPU
		{E1F2A3B4-C5D6-7890-EF01-234567890004}.Debug|x64.ActiveCfg = Debug|Any CPU
		{E1F2A3B4-C5D6-7890-EF01-234567890004}.Debug|x64.Build.0 = Debug|Any CPU
		{E1F2A3B4-C5D6-7890-EF01-234567890004}.Debug|x86.ActiveCfg = Debug|Any CPU
		{E1F2A3B4-C5D6-7890-EF01-234567890004}.Debug|x86.Build.0 = Debug|Any CPU
		{E1F2A3B4-C5D6-7890-EF01-234567890004}.Release|Any CPU.ActiveCfg = Release|Any CPU
		{E1F2A3B4-C5D6-7890-EF01-234567890004}.Release|Any CPU.Build.0 = Release|Any CPU
		{E1F2A3B4-C5D6-7890-EF01-234567890004}.Release|x64.ActiveCfg = Release|Any CPU
		{E1F2A3B4-C5D6-7890-EF01-234567890004}.Release|x64.Build.0 = Release|Any CPU
		{E1F2A3B4-C5D6-7890-EF01-234567890004}.Release|x86.ActiveCfg = Release|Any CPU
		{E1F2A3B4-C5D6-7890-EF01-234567890004}.Release|x86.Build.0 = Release|Any CPU
		{FBF15A8B-976D-450A-8BFD-8FA4B1442927}.Debug|Any CPU.ActiveCfg = Debug|Any CPU
		{FBF15A8B-976D-450A-8BFD-8FA4B1442927}.Debug|Any CPU.Build.0 = Debug|Any CPU
		{FBF15A8B-976D-450A-8BFD-8FA4B1442927}.Debug|x64.ActiveCfg = Debug|Any CPU
		{FBF15A8B-976D-450A-8BFD-8FA4B1442927}.Debug|x64.Build.0 = Debug|Any CPU
		{FBF15A8B-976D-450A-8BFD-8FA4B1442927}.Debug|x86.ActiveCfg = Debug|Any CPU
		{FBF15A8B-976D-450A-8BFD-8FA4B1442927}.Debug|x86.Build.0 = Debug|Any CPU
		{FBF15A8B-976D-450A-8BFD-8FA4B1442927}.Release|Any CPU.ActiveCfg = Release|Any CPU
		{FBF15A8B-976D-450A-8BFD-8FA4B1442927}.Release|Any CPU.Build.0 = Release|Any CPU
		{FBF15A8B-976D-450A-8BFD-8FA4B1442927}.Release|x64.ActiveCfg = Release|Any CPU
		{FBF15A8B-976D-450A-8BFD-8FA4B1442927}.Release|x64.Build.0 = Release|Any CPU
		{FBF15A8B-976D-450A-8BFD-8FA4B1442927}.Release|x86.ActiveCfg = Release|Any CPU
		{FBF15A8B-976D-450A-8BFD-8FA4B1442927}.Release|x86.Build.0 = Release|Any CPU
		{682D212C-8155-4D31-83AB-6A9C1A6E70FF}.Debug|Any CPU.ActiveCfg = Debug|Any CPU
		{682D212C-8155-4D31-83AB-6A9C1A6E70FF}.Debug|Any CPU.Build.0 = Debug|Any CPU
		{682D212C-8155-4D31-83AB-6A9C1A6E70FF}.Debug|x64.ActiveCfg = Debug|Any CPU
		{682D212C-8155-4D31-83AB-6A9C1A6E70FF}.Debug|x64.Build.0 = Debug|Any CPU
		{682D212C-8155-4D31-83AB-6A9C1A6E70FF}.Debug|x86.ActiveCfg = Debug|Any CPU
		{682D212C-8155-4D31-83AB-6A9C1A6E70FF}.Debug|x86.Build.0 = Debug|Any CPU
		{682D212C-8155-4D31-83AB-6A9C1A6E70FF}.Release|Any CPU.ActiveCfg = Release|Any CPU
		{682D212C-8155-4D31-83AB-6A9C1A6E70FF}.Release|Any CPU.Build.0 = Release|Any CPU
		{682D212C-8155-4D31-83AB-6A9C1A6E70FF}.Release|x64.ActiveCfg = Release|Any CPU
		{682D212C-8155-4D31-83AB-6A9C1A6E70FF}.Release|x64.Build.0 = Release|Any CPU
		{682D212C-8155-4D31-83AB-6A9C1A6E70FF}.Release|x86.ActiveCfg = Release|Any CPU
		{682D212C-8155-4D31-83AB-6A9C1A6E70FF}.Release|x86.Build.0 = Release|Any CPU
		{1D4863D0-E1F8-4A36-915C-6E12DF63ACE6}.Debug|Any CPU.ActiveCfg = Debug|Any CPU
		{1D4863D0-E1F8-4A36-915C-6E12DF63ACE6}.Debug|Any CPU.Build.0 = Debug|Any CPU
		{1D4863D0-E1F8-4A36-915C-6E12DF63ACE6}.Debug|x64.ActiveCfg = Debug|Any CPU
		{1D4863D0-E1F8-4A36-915C-6E12DF63ACE6}.Debug|x64.Build.0 = Debug|Any CPU
		{1D4863D0-E1F8-4A36-915C-6E12DF63ACE6}.Debug|x86.ActiveCfg = Debug|Any CPU
		{1D4863D0-E1F8-4A36-915C-6E12DF63ACE6}.Debug|x86.Build.0 = Debug|Any CPU
		{1D4863D0-E1F8-4A36-915C-6E12DF63ACE6}.Release|Any CPU.ActiveCfg = Release|Any CPU
		{1D4863D0-E1F8-4A36-915C-6E12DF63ACE6}.Release|Any CPU.Build.0 = Release|Any CPU
		{1D4863D0-E1F8-4A36-915C-6E12DF63ACE6}.Release|x64.ActiveCfg = Release|Any CPU
		{1D4863D0-E1F8-4A36-915C-6E12DF63ACE6}.Release|x64.Build.0 = Release|Any CPU
		{1D4863D0-E1F8-4A36-915C-6E12DF63ACE6}.Release|x86.ActiveCfg = Release|Any CPU
		{1D4863D0-E1F8-4A36-915C-6E12DF63ACE6}.Release|x86.Build.0 = Release|Any CPU
		{8B7655B0-D047-4E76-B51B-B76CB1A9E40D}.Debug|Any CPU.ActiveCfg = Debug|Any CPU
		{8B7655B0-D047-4E76-B51B-B76CB1A9E40D}.Debug|Any CPU.Build.0 = Debug|Any CPU
		{8B7655B0-D047-4E76-B51B-B76CB1A9E40D}.Debug|x64.ActiveCfg = Debug|Any CPU
		{8B7655B0-D047-4E76-B51B-B76CB1A9E40D}.Debug|x64.Build.0 = Debug|Any CPU
		{8B7655B0-D047-4E76-B51B-B76CB1A9E40D}.Debug|x86.ActiveCfg = Debug|Any CPU
		{8B7655B0-D047-4E76-B51B-B76CB1A9E40D}.Debug|x86.Build.0 = Debug|Any CPU
		{8B7655B0-D047-4E76-B51B-B76CB1A9E40D}.Release|Any CPU.ActiveCfg = Release|Any CPU
		{8B7655B0-D047-4E76-B51B-B76CB1A9E40D}.Release|Any CPU.Build.0 = Release|Any CPU
		{8B7655B0-D047-4E76-B51B-B76CB1A9E40D}.Release|x64.ActiveCfg = Release|Any CPU
		{8B7655B0-D047-4E76-B51B-B76CB1A9E40D}.Release|x64.Build.0 = Release|Any CPU
		{8B7655B0-D047-4E76-B51B-B76CB1A9E40D}.Release|x86.ActiveCfg = Release|Any CPU
		{8B7655B0-D047-4E76-B51B-B76CB1A9E40D}.Release|x86.Build.0 = Release|Any CPU
	EndGlobalSection
	GlobalSection(SolutionProperties) = preSolution
		HideSolutionNode = FALSE
	EndGlobalSection
	GlobalSection(NestedProjects) = preSolution
		{4840C7DC-1354-9086-81F8-8600587D832E} = {5854FF58-B8C5-05C6-5BF2-ACE42193F22B}
		{B7D1BA20-96D4-4912-B935-6D06297C15DF} = {4840C7DC-1354-9086-81F8-8600587D832E}
		{0C44C818-1DF5-43E9-A893-CEDD166DA558} = {4840C7DC-1354-9086-81F8-8600587D832E}
		{63EB2DC1-2B54-4FB2-9A3F-8B04962D87A7} = {4840C7DC-1354-9086-81F8-8600587D832E}
		{529E3679-2878-498C-83BC-57235FE73ED2} = {4840C7DC-1354-9086-81F8-8600587D832E}
		{EFB5C9FF-F9AF-40D6-9F85-C9BE47E8538C} = {2E9D5637-D20F-AE29-AB71-F2FED977D48C}
		{94C80538-7A67-4B30-9E25-9A29C5489044} = {41C1AA58-E4C2-F270-94D2-CA8B7E7A8E65}
		{BB9B0570-D764-F740-A1C1-3444BA1D5022} = {5854FF58-B8C5-05C6-5BF2-ACE42193F22B}
		{C79001BD-7A52-4496-8BC7-21E7624D4640} = {BB9B0570-D764-F740-A1C1-3444BA1D5022}
		{1CAA04EB-5882-4ED8-AE8C-D18B542E3FD3} = {BB9B0570-D764-F740-A1C1-3444BA1D5022}
		{AFD3BD81-220D-4D00-A8DA-67BE6713EEAD} = {BB9B0570-D764-F740-A1C1-3444BA1D5022}
		{2998C254-EE9C-4326-90FE-D2ACD6B1D130} = {BB9B0570-D764-F740-A1C1-3444BA1D5022}
		{A1B2C3D4-E5F6-7890-ABCD-EF1234567890} = {5854FF58-B8C5-05C6-5BF2-ACE42193F22B}
		{B1C2D3E4-F5A6-7890-BCDE-F12345678901} = {A1B2C3D4-E5F6-7890-ABCD-EF1234567890}
		{C1D2E3F4-A5B6-7890-CDEF-012345678902} = {A1B2C3D4-E5F6-7890-ABCD-EF1234567890}
		{D1E2F3A4-B5C6-7890-DEF0-123456789003} = {A1B2C3D4-E5F6-7890-ABCD-EF1234567890}
		{E1F2A3B4-C5D6-7890-EF01-234567890004} = {A1B2C3D4-E5F6-7890-ABCD-EF1234567890}
		{36CCF94E-5FB9-0A38-E051-AB63235A6982} = {226567F5-DD15-7888-5BF1-C4407778305A}
		{FBF15A8B-976D-450A-8BFD-8FA4B1442927} = {36CCF94E-5FB9-0A38-E051-AB63235A6982}
		{682D212C-8155-4D31-83AB-6A9C1A6E70FF} = {36CCF94E-5FB9-0A38-E051-AB63235A6982}
		{1D4863D0-E1F8-4A36-915C-6E12DF63ACE6} = {36CCF94E-5FB9-0A38-E051-AB63235A6982}
		{8B7655B0-D047-4E76-B51B-B76CB1A9E40D} = {36CCF94E-5FB9-0A38-E051-AB63235A6982}
	EndGlobalSection
	GlobalSection(ExtensibilityGlobals) = postSolution
		SolutionGuid = {CC4BF7C2-45B8-460F-8E97-2F0D2FD0B21D}
	EndGlobalSection
EndGlobal

